// !$*UTF8*$!
{
	archiveVersion = 1;
	classes = {
	};
	objectVersion = 50;
	objects = {

/* Begin PBXBuildFile section */
		9479850623F3029300F427B5 /* AppDelegate.m in Sources */ = {isa = PBXBuildFile; fileRef = 9479850523F3029300F427B5 /* AppDelegate.m */; };
		9479850923F3029300F427B5 /* SceneDelegate.m in Sources */ = {isa = PBXBuildFile; fileRef = 9479850823F3029300F427B5 /* SceneDelegate.m */; };
		9479850C23F3029300F427B5 /* ViewController.m in Sources */ = {isa = PBXBuildFile; fileRef = 9479850B23F3029300F427B5 /* ViewController.m */; };
		9479850F23F3029300F427B5 /* Main.storyboard in Resources */ = {isa = PBXBuildFile; fileRef = 9479850D23F3029300F427B5 /* Main.storyboard */; };
		9479851123F3029500F427B5 /* Assets.xcassets in Resources */ = {isa = PBXBuildFile; fileRef = 9479851023F3029500F427B5 /* Assets.xcassets */; };
		9479851423F3029500F427B5 /* LaunchScreen.storyboard in Resources */ = {isa = PBXBuildFile; fileRef = 9479851223F3029500F427B5 /* LaunchScreen.storyboard */; };
		9479851723F3029500F427B5 /* main.m in Sources */ = {isa = PBXBuildFile; fileRef = 9479851623F3029500F427B5 /* main.m */; };
		9479852123F3029500F427B5 /* TestPerformanceMoniterTests.m in Sources */ = {isa = PBXBuildFile; fileRef = 9479852023F3029500F427B5 /* TestPerformanceMoniterTests.m */; };
		9479852C23F3029500F427B5 /* TestPerformanceMoniterUITests.m in Sources */ = {isa = PBXBuildFile; fileRef = 9479852B23F3029500F427B5 /* TestPerformanceMoniterUITests.m */; };
/* End PBXBuildFile section */

/* Begin PBXContainerItemProxy section */
		9479851D23F3029500F427B5 /* PBXContainerItemProxy */ = {
			isa = PBXContainerItemProxy;
			containerPortal = 947984F923F3029300F427B5 /* Project object */;
			proxyType = 1;
			remoteGlobalIDString = 9479850023F3029300F427B5;
			remoteInfo = TestPerformanceMoniter;
		};
		9479852823F3029500F427B5 /* PBXContainerItemProxy */ = {
			isa = PBXContainerItemProxy;
			containerPortal = 947984F923F3029300F427B5 /* Project object */;
			proxyType = 1;
			remoteGlobalIDString = 9479850023F3029300F427B5;
			remoteInfo = TestPerformanceMoniter;
		};
/* End PBXContainerItemProxy section */

/* Begin PBXFileReference section */
		9479850123F3029300F427B5 /* TestPerformanceMoniter.app */ = {isa = PBXFileReference; explicitFileType = wrapper.application; includeInIndex = 0; path = TestPerformanceMoniter.app; sourceTree = BUILT_PRODUCTS_DIR; };
		9479850423F3029300F427B5 /* AppDelegate.h */ = {isa = PBXFileReference; lastKnownFileType = sourcecode.c.h; path = AppDelegate.h; sourceTree = "<group>"; };
		9479850523F3029300F427B5 /* AppDelegate.m */ = {isa = PBXFileReference; lastKnownFileType = sourcecode.c.objc; path = AppDelegate.m; sourceTree = "<group>"; };
		9479850723F3029300F427B5 /* SceneDelegate.h */ = {isa = PBXFileReference; lastKnownFileType = sourcecode.c.h; path = SceneDelegate.h; sourceTree = "<group>"; };
		9479850823F3029300F427B5 /* SceneDelegate.m */ = {isa = PBXFileReference; lastKnownFileType = sourcecode.c.objc; path = SceneDelegate.m; sourceTree = "<group>"; };
		9479850A23F3029300F427B5 /* ViewController.h */ = {isa = PBXFileReference; lastKnownFileType = sourcecode.c.h; path = ViewController.h; sourceTree = "<group>"; };
		9479850B23F3029300F427B5 /* ViewController.m */ = {isa = PBXFileReference; lastKnownFileType = sourcecode.c.objc; path = ViewController.m; sourceTree = "<group>"; };
		9479850E23F3029300F427B5 /* Base */ = {isa = PBXFileReference; lastKnownFileType = file.storyboard; name = Base; path = Base.lproj/Main.storyboard; sourceTree = "<group>"; };
		9479851023F3029500F427B5 /* Assets.xcassets */ = {isa = PBXFileReference; lastKnownFileType = folder.assetcatalog; path = Assets.xcassets; sourceTree = "<group>"; };
		9479851323F3029500F427B5 /* Base */ = {isa = PBXFileReference; lastKnownFileType = file.storyboard; name = Base; path = Base.lproj/LaunchScreen.storyboard; sourceTree = "<group>"; };
		9479851523F3029500F427B5 /* Info.plist */ = {isa = PBXFileReference; lastKnownFileType = text.plist.xml; path = Info.plist; sourceTree = "<group>"; };
		9479851623F3029500F427B5 /* main.m */ = {isa = PBXFileReference; lastKnownFileType = sourcecode.c.objc; path = main.m; sourceTree = "<group>"; };
		9479851C23F3029500F427B5 /* TestPerformanceMoniterTests.xctest */ = {isa = PBXFileReference; explicitFileType = wrapper.cfbundle; includeInIndex = 0; path = TestPerformanceMoniterTests.xctest; sourceTree = BUILT_PRODUCTS_DIR; };
		9479852023F3029500F427B5 /* TestPerformanceMoniterTests.m */ = {isa = PBXFileReference; lastKnownFileType = sourcecode.c.objc; path = TestPerformanceMoniterTests.m; sourceTree = "<group>"; };
		9479852223F3029500F427B5 /* Info.plist */ = {isa = PBXFileReference; lastKnownFileType = text.plist.xml; path = Info.plist; sourceTree = "<group>"; };
		9479852723F3029500F427B5 /* TestPerformanceMoniterUITests.xctest */ = {isa = PBXFileReference; explicitFileType = wrapper.cfbundle; includeInIndex = 0; path = TestPerformanceMoniterUITests.xctest; sourceTree = BUILT_PRODUCTS_DIR; };
		9479852B23F3029500F427B5 /* TestPerformanceMoniterUITests.m */ = {isa = PBXFileReference; lastKnownFileType = sourcecode.c.objc; path = TestPerformanceMoniterUITests.m; sourceTree = "<group>"; };
		9479852D23F3029500F427B5 /* Info.plist */ = {isa = PBXFileReference; lastKnownFileType = text.plist.xml; path = Info.plist; sourceTree = "<group>"; };
/* End PBXFileReference section */

/* Begin PBXFrameworksBuildPhase section */
		947984FE23F3029300F427B5 /* Frameworks */ = {
			isa = PBXFrameworksBuildPhase;
			buildActionMask = 2147483647;
			files = (
			);
			runOnlyForDeploymentPostprocessing = 0;
		};
		9479851923F3029500F427B5 /* Frameworks */ = {
			isa = PBXFrameworksBuildPhase;
			buildActionMask = 2147483647;
			files = (
			);
			runOnlyForDeploymentPostprocessing = 0;
		};
		9479852423F3029500F427B5 /* Frameworks */ = {
			isa = PBXFrameworksBuildPhase;
			buildActionMask = 2147483647;
			files = (
			);
			runOnlyForDeploymentPostprocessing = 0;
		};
/* End PBXFrameworksBuildPhase section */

/* Begin PBXGroup section */
		947984F823F3029300F427B5 = {
			isa = PBXGroup;
			children = (
				9479850323F3029300F427B5 /* TestPerformanceMoniter */,
				9479851F23F3029500F427B5 /* TestPerformanceMoniterTests */,
				9479852A23F3029500F427B5 /* TestPerformanceMoniterUITests */,
				9479850223F3029300F427B5 /* Products */,
			);
			sourceTree = "<group>";
		};
		9479850223F3029300F427B5 /* Products */ = {
			isa = PBXGroup;
			children = (
				9479850123F3029300F427B5 /* TestPerformanceMoniter.app */,
				9479851C23F3029500F427B5 /* TestPerformanceMoniterTests.xctest */,
				9479852723F3029500F427B5 /* TestPerformanceMoniterUITests.xctest */,
			);
			name = Products;
			sourceTree = "<group>";
		};
		9479850323F3029300F427B5 /* TestPerformanceMoniter */ = {
			isa = PBXGroup;
			children = (
				9479850423F3029300F427B5 /* AppDelegate.h */,
				9479850523F3029300F427B5 /* AppDelegate.m */,
				9479850723F3029300F427B5 /* SceneDelegate.h */,
				9479850823F3029300F427B5 /* SceneDelegate.m */,
				9479850A23F3029300F427B5 /* ViewController.h */,
				9479850B23F3029300F427B5 /* ViewController.m */,
				9479850D23F3029300F427B5 /* Main.storyboard */,
				9479851023F3029500F427B5 /* Assets.xcassets */,
				9479851223F3029500F427B5 /* LaunchScreen.storyboard */,
				9479851523F3029500F427B5 /* Info.plist */,
				9479851623F3029500F427B5 /* main.m */,
			);
			path = TestPerformanceMoniter;
			sourceTree = "<group>";
		};
		9479851F23F3029500F427B5 /* TestPerformanceMoniterTests */ = {
			isa = PBXGroup;
			children = (
				9479852023F3029500F427B5 /* TestPerformanceMoniterTests.m */,
				9479852223F3029500F427B5 /* Info.plist */,
			);
			path = TestPerformanceMoniterTests;
			sourceTree = "<group>";
		};
		9479852A23F3029500F427B5 /* TestPerformanceMoniterUITests */ = {
			isa = PBXGroup;
			children = (
				9479852B23F3029500F427B5 /* TestPerformanceMoniterUITests.m */,
				9479852D23F3029500F427B5 /* Info.plist */,
			);
			path = TestPerformanceMoniterUITests;
			sourceTree = "<group>";
		};
/* End PBXGroup section */

/* Begin PBXNativeTarget section */
		9479850023F3029300F427B5 /* TestPerformanceMoniter */ = {
			isa = PBXNativeTarget;
			buildConfigurationList = 9479853023F3029500F427B5 /* Build configuration list for PBXNativeTarget "TestPerformanceMoniter" */;
			buildPhases = (
				947984FD23F3029300F427B5 /* Sources */,
				947984FE23F3029300F427B5 /* Frameworks */,
				947984FF23F3029300F427B5 /* Resources */,
			);
			buildRules = (
			);
			dependencies = (
			);
			name = TestPerformanceMoniter;
			productName = TestPerformanceMoniter;
			productReference = 9479850123F3029300F427B5 /* TestPerformanceMoniter.app */;
			productType = "com.apple.product-type.application";
		};
		9479851B23F3029500F427B5 /* TestPerformanceMoniterTests */ = {
			isa = PBXNativeTarget;
			buildConfigurationList = 9479853323F3029500F427B5 /* Build configuration list for PBXNativeTarget "TestPerformanceMoniterTests" */;
			buildPhases = (
				9479851823F3029500F427B5 /* Sources */,
				9479851923F3029500F427B5 /* Frameworks */,
				9479851A23F3029500F427B5 /* Resources */,
			);
			buildRules = (
			);
			dependencies = (
				9479851E23F3029500F427B5 /* PBXTargetDependency */,
			);
			name = TestPerformanceMoniterTests;
			productName = TestPerformanceMoniterTests;
			productReference = 9479851C23F3029500F427B5 /* TestPerformanceMoniterTests.xctest */;
			productType = "com.apple.product-type.bundle.unit-test";
		};
		9479852623F3029500F427B5 /* TestPerformanceMoniterUITests */ = {
			isa = PBXNativeTarget;
			buildConfigurationList = 9479853623F3029500F427B5 /* Build configuration list for PBXNativeTarget "TestPerformanceMoniterUITests" */;
			buildPhases = (
				9479852323F3029500F427B5 /* Sources */,
				9479852423F3029500F427B5 /* Frameworks */,
				9479852523F3029500F427B5 /* Resources */,
			);
			buildRules = (
			);
			dependencies = (
				9479852923F3029500F427B5 /* PBXTargetDependency */,
			);
			name = TestPerformanceMoniterUITests;
			productName = TestPerformanceMoniterUITests;
			productReference = 9479852723F3029500F427B5 /* TestPerformanceMoniterUITests.xctest */;
			productType = "com.apple.product-type.bundle.ui-testing";
		};
/* End PBXNativeTarget section */

/* Begin PBXProject section */
		947984F923F3029300F427B5 /* Project object */ = {
			isa = PBXProject;
			attributes = {
				LastUpgradeCheck = 1130;
				ORGANIZATIONNAME = ShanYuQin;
				TargetAttributes = {
					9479850023F3029300F427B5 = {
						CreatedOnToolsVersion = 11.3.1;
					};
					9479851B23F3029500F427B5 = {
						CreatedOnToolsVersion = 11.3.1;
						TestTargetID = 9479850023F3029300F427B5;
					};
					9479852623F3029500F427B5 = {
						CreatedOnToolsVersion = 11.3.1;
						TestTargetID = 9479850023F3029300F427B5;
					};
				};
			};
			buildConfigurationList = 947984FC23F3029300F427B5 /* Build configuration list for PBXProject "TestPerformanceMoniter" */;
			compatibilityVersion = "Xcode 9.3";
			developmentRegion = en;
			hasScannedForEncodings = 0;
			knownRegions = (
				en,
				Base,
			);
			mainGroup = 947984F823F3029300F427B5;
			productRefGroup = 9479850223F3029300F427B5 /* Products */;
			projectDirPath = "";
			projectRoot = "";
			targets = (
				9479850023F3029300F427B5 /* TestPerformanceMoniter */,
				9479851B23F3029500F427B5 /* TestPerformanceMoniterTests */,
				9479852623F3029500F427B5 /* TestPerformanceMoniterUITests */,
			);
		};
/* End PBXProject section */

/* Begin PBXResourcesBuildPhase section */
		947984FF23F3029300F427B5 /* Resources */ = {
			isa = PBXResourcesBuildPhase;
			buildActionMask = 2147483647;
			files = (
				9479851423F3029500F427B5 /* LaunchScreen.storyboard in Resources */,
				9479851123F3029500F427B5 /* Assets.xcassets in Resources */,
				9479850F23F3029300F427B5 /* Main.storyboard in Resources */,
			);
			runOnlyForDeploymentPostprocessing = 0;
		};
		9479851A23F3029500F427B5 /* Resources */ = {
			isa = PBXResourcesBuildPhase;
			buildActionMask = 2147483647;
			files = (
			);
			runOnlyForDeploymentPostprocessing = 0;
		};
		9479852523F3029500F427B5 /* Resources */ = {
			isa = PBXResourcesBuildPhase;
			buildActionMask = 2147483647;
			files = (
			);
			runOnlyForDeploymentPostprocessing = 0;
		};
/* End PBXResourcesBuildPhase section */

/* Begin PBXSourcesBuildPhase section */
		947984FD23F3029300F427B5 /* Sources */ = {
			isa = PBXSourcesBuildPhase;
			buildActionMask = 2147483647;
			files = (
				9479850C23F3029300F427B5 /* ViewController.m in Sources */,
				9479850623F3029300F427B5 /* AppDelegate.m in Sources */,
				9479851723F3029500F427B5 /* main.m in Sources */,
				9479850923F3029300F427B5 /* SceneDelegate.m in Sources */,
			);
			runOnlyForDeploymentPostprocessing = 0;
		};
		9479851823F3029500F427B5 /* Sources */ = {
			isa = PBXSourcesBuildPhase;
			buildActionMask = 2147483647;
			files = (
				9479852123F3029500F427B5 /* TestPerformanceMoniterTests.m in Sources */,
			);
			runOnlyForDeploymentPostprocessing = 0;
		};
		9479852323F3029500F427B5 /* Sources */ = {
			isa = PBXSourcesBuildPhase;
			buildActionMask = 2147483647;
			files = (
				9479852C23F3029500F427B5 /* TestPerformanceMoniterUITests.m in Sources */,
			);
			runOnlyForDeploymentPostprocessing = 0;
		};
/* End PBXSourcesBuildPhase section */

/* Begin PBXTargetDependency section */
		9479851E23F3029500F427B5 /* PBXTargetDependency */ = {
			isa = PBXTargetDependency;
			target = 9479850023F3029300F427B5 /* TestPerformanceMoniter */;
			targetProxy = 9479851D23F3029500F427B5 /* PBXContainerItemProxy */;
		};
		9479852923F3029500F427B5 /* PBXTargetDependency */ = {
			isa = PBXTargetDependency;
			target = 9479850023F3029300F427B5 /* TestPerformanceMoniter */;
			targetProxy = 9479852823F3029500F427B5 /* PBXContainerItemProxy */;
		};
/* End PBXTargetDependency section */

/* Begin PBXVariantGroup section */
		9479850D23F3029300F427B5 /* Main.storyboard */ = {
			isa = PBXVariantGroup;
			children = (
				9479850E23F3029300F427B5 /* Base */,
			);
			name = Main.storyboard;
			sourceTree = "<group>";
		};
		9479851223F3029500F427B5 /* LaunchScreen.storyboard */ = {
			isa = PBXVariantGroup;
			children = (
				9479851323F3029500F427B5 /* Base */,
			);
			name = LaunchScreen.storyboard;
			sourceTree = "<group>";
		};
/* End PBXVariantGroup section */

/* Begin XCBuildConfiguration section */
		9479852E23F3029500F427B5 /* Debug */ = {
			isa = XCBuildConfiguration;
			buildSettings = {
				ALWAYS_SEARCH_USER_PATHS = NO;
				CLANG_ANALYZER_NONNULL = YES;
				CLANG_ANALYZER_NUMBER_OBJECT_CONVERSION = YES_AGGRESSIVE;
				CLANG_CXX_LANGUAGE_STANDARD = "gnu++14";
				CLANG_CXX_LIBRARY = "libc++";
				CLANG_ENABLE_MODULES = YES;
				CLANG_ENABLE_OBJC_ARC = YES;
				CLANG_ENABLE_OBJC_WEAK = YES;
				CLANG_WARN_BLOCK_CAPTURE_AUTORELEASING = YES;
				CLANG_WARN_BOOL_CONVERSION = YES;
				CLANG_WARN_COMMA = YES;
				CLANG_WARN_CONSTANT_CONVERSION = YES;
				CLANG_WARN_DEPRECATED_OBJC_IMPLEMENTATIONS = YES;
				CLANG_WARN_DIRECT_OBJC_ISA_USAGE = YES_ERROR;
				CLANG_WARN_DOCUMENTATION_COMMENTS = YES;
				CLANG_WARN_EMPTY_BODY = YES;
				CLANG_WARN_ENUM_CONVERSION = YES;
				CLANG_WARN_INFINITE_RECURSION = YES;
				CLANG_WARN_INT_CONVERSION = YES;
				CLANG_WARN_NON_LITERAL_NULL_CONVERSION = YES;
				CLANG_WARN_OBJC_IMPLICIT_RETAIN_SELF = YES;
				CLANG_WARN_OBJC_LITERAL_CONVERSION = YES;
				CLANG_WARN_OBJC_ROOT_CLASS = YES_ERROR;
				CLANG_WARN_RANGE_LOOP_ANALYSIS = YES;
				CLANG_WARN_STRICT_PROTOTYPES = YES;
				CLANG_WARN_SUSPICIOUS_MOVE = YES;
				CLANG_WARN_UNGUARDED_AVAILABILITY = YES_AGGRESSIVE;
				CLANG_WARN_UNREACHABLE_CODE = YES;
				CLANG_WARN__DUPLICATE_METHOD_MATCH = YES;
				COPY_PHASE_STRIP = NO;
				DEBUG_INFORMATION_FORMAT = dwarf;
				ENABLE_STRICT_OBJC_MSGSEND = YES;
				ENABLE_TESTABILITY = YES;
				GCC_C_LANGUAGE_STANDARD = gnu11;
				GCC_DYNAMIC_NO_PIC = NO;
				GCC_NO_COMMON_BLOCKS = YES;
				GCC_OPTIMIZATION_LEVEL = 0;
				GCC_PREPROCESSOR_DEFINITIONS = (
					"DEBUG=1",
					"$(inherited)",
				);
				GCC_WARN_64_TO_32_BIT_CONVERSION = YES;
				GCC_WARN_ABOUT_RETURN_TYPE = YES_ERROR;
				GCC_WARN_UNDECLARED_SELECTOR = YES;
				GCC_WARN_UNINITIALIZED_AUTOS = YES_AGGRESSIVE;
				GCC_WARN_UNUSED_FUNCTION = YES;
				GCC_WARN_UNUSED_VARIABLE = YES;
				IPHONEOS_DEPLOYMENT_TARGET = 13.2;
				MTL_ENABLE_DEBUG_INFO = INCLUDE_SOURCE;
				MTL_FAST_MATH = YES;
				ONLY_ACTIVE_ARCH = YES;
				SDKROOT = iphoneos;
			};
			name = Debug;
		};
		9479852F23F3029500F427B5 /* Release */ = {
			isa = XCBuildConfiguration;
			buildSettings = {
				ALWAYS_SEARCH_USER_PATHS = NO;
				CLANG_ANALYZER_NONNULL = YES;
				CLANG_ANALYZER_NUMBER_OBJECT_CONVERSION = YES_AGGRESSIVE;
				CLANG_CXX_LANGUAGE_STANDARD = "gnu++14";
				CLANG_CXX_LIBRARY = "libc++";
				CLANG_ENABLE_MODULES = YES;
				CLANG_ENABLE_OBJC_ARC = YES;
				CLANG_ENABLE_OBJC_WEAK = YES;
				CLANG_WARN_BLOCK_CAPTURE_AUTORELEASING = YES;
				CLANG_WARN_BOOL_CONVERSION = YES;
				CLANG_WARN_COMMA = YES;
				CLANG_WARN_CONSTANT_CONVERSION = YES;
				CLANG_WARN_DEPRECATED_OBJC_IMPLEMENTATIONS = YES;
				CLANG_WARN_DIRECT_OBJC_ISA_USAGE = YES_ERROR;
				CLANG_WARN_DOCUMENTATION_COMMENTS = YES;
				CLANG_WARN_EMPTY_BODY = YES;
				CLANG_WARN_ENUM_CONVERSION = YES;
				CLANG_WARN_INFINITE_RECURSION = YES;
				CLANG_WARN_INT_CONVERSION = YES;
				CLANG_WARN_NON_LITERAL_NULL_CONVERSION = YES;
				CLANG_WARN_OBJC_IMPLICIT_RETAIN_SELF = YES;
				CLANG_WARN_OBJC_LITERAL_CONVERSION = YES;
				CLANG_WARN_OBJC_ROOT_CLASS = YES_ERROR;
				CLANG_WARN_RANGE_LOOP_ANALYSIS = YES;
				CLANG_WARN_STRICT_PROTOTYPES = YES;
				CLANG_WARN_SUSPICIOUS_MOVE = YES;
				CLANG_WARN_UNGUARDED_AVAILABILITY = YES_AGGRESSIVE;
				CLANG_WARN_UNREACHABLE_CODE = YES;
				CLANG_WARN__DUPLICATE_METHOD_MATCH = YES;
				COPY_PHASE_STRIP = NO;
				DEBUG_INFORMATION_FORMAT = "dwarf-with-dsym";
				ENABLE_NS_ASSERTIONS = NO;
				ENABLE_STRICT_OBJC_MSGSEND = YES;
				GCC_C_LANGUAGE_STANDARD = gnu11;
				GCC_NO_COMMON_BLOCKS = YES;
				GCC_WARN_64_TO_32_BIT_CONVERSION = YES;
				GCC_WARN_ABOUT_RETURN_TYPE = YES_ERROR;
				GCC_WARN_UNDECLARED_SELECTOR = YES;
				GCC_WARN_UNINITIALIZED_AUTOS = YES_AGGRESSIVE;
				GCC_WARN_UNUSED_FUNCTION = YES;
				GCC_WARN_UNUSED_VARIABLE = YES;
				IPHONEOS_DEPLOYMENT_TARGET = 13.2;
				MTL_ENABLE_DEBUG_INFO = NO;
				MTL_FAST_MATH = YES;
				SDKROOT = iphoneos;
				VALIDATE_PRODUCT = YES;
			};
			name = Release;
		};
		9479853123F3029500F427B5 /* Debug */ = {
			isa = XCBuildConfiguration;
			buildSettings = {
				ASSETCATALOG_COMPILER_APPICON_NAME = AppIcon;
				CODE_SIGN_STYLE = Automatic;
				INFOPLIST_FILE = TestPerformanceMoniter/Info.plist;
				LD_RUNPATH_SEARCH_PATHS = (
					"$(inherited)",
					"@executable_path/Frameworks",
				);
				PRODUCT_BUNDLE_IDENTIFIER = com.shanyuqin.TestPerformanceMoniter;
				PRODUCT_NAME = "$(TARGET_NAME)";
				TARGETED_DEVICE_FAMILY = "1,2";
			};
			name = Debug;
		};
		9479853223F3029500F427B5 /* Release */ = {
			isa = XCBuildConfiguration;
			buildSettings = {
				ASSETCATALOG_COMPILER_APPICON_NAME = AppIcon;
				CODE_SIGN_STYLE = Automatic;
				INFOPLIST_FILE = TestPerformanceMoniter/Info.plist;
				LD_RUNPATH_SEARCH_PATHS = (
					"$(inherited)",
					"@executable_path/Frameworks",
				);
				PRODUCT_BUNDLE_IDENTIFIER = com.shanyuqin.TestPerformanceMoniter;
				PRODUCT_NAME = "$(TARGET_NAME)";
				TARGETED_DEVICE_FAMILY = "1,2";
			};
			name = Release;
		};
		9479853423F3029500F427B5 /* Debug */ = {
			isa = XCBuildConfiguration;
			buildSettings = {
				BUNDLE_LOADER = "$(TEST_HOST)";
				CODE_SIGN_STYLE = Automatic;
				INFOPLIST_FILE = TestPerformanceMoniterTests/Info.plist;
				IPHONEOS_DEPLOYMENT_TARGET = 13.2;
				LD_RUNPATH_SEARCH_PATHS = (
					"$(inherited)",
					"@executable_path/Frameworks",
					"@loader_path/Frameworks",
				);
				PRODUCT_BUNDLE_IDENTIFIER = com.shanyuqin.TestPerformanceMoniterTests;
				PRODUCT_NAME = "$(TARGET_NAME)";
				TARGETED_DEVICE_FAMILY = "1,2";
				TEST_HOST = "$(BUILT_PRODUCTS_DIR)/TestPerformanceMoniter.app/TestPerformanceMoniter";
			};
			name = Debug;
		};
		9479853523F3029500F427B5 /* Release */ = {
			isa = XCBuildConfiguration;
			buildSettings = {
				BUNDLE_LOADER = "$(TEST_HOST)";
				CODE_SIGN_STYLE = Automatic;
				INFOPLIST_FILE = TestPerformanceMoniterTests/Info.plist;
				IPHONEOS_DEPLOYMENT_TARGET = 13.2;
				LD_RUNPATH_SEARCH_PATHS = (
					"$(inherited)",
					"@executable_path/Frameworks",
					"@loader_path/Frameworks",
				);
				PRODUCT_BUNDLE_IDENTIFIER = com.shanyuqin.TestPerformanceMoniterTests;
				PRODUCT_NAME = "$(TARGET_NAME)";
				TARGETED_DEVICE_FAMILY = "1,2";
				TEST_HOST = "$(BUILT_PRODUCTS_DIR)/TestPerformanceMoniter.app/TestPerformanceMoniter";
			};
			name = Release;
		};
		9479853723F3029500F427B5 /* Debug */ = {
			isa = XCBuildConfiguration;
			buildSettings = {
				CODE_SIGN_STYLE = Automatic;
				INFOPLIST_FILE = TestPerformanceMoniterUITests/Info.plist;
				LD_RUNPATH_SEARCH_PATHS = (
					"$(inherited)",
					"@executable_path/Frameworks",
					"@loader_path/Frameworks",
				);
				PRODUCT_BUNDLE_IDENTIFIER = com.shanyuqin.TestPerformanceMoniterUITests;
				PRODUCT_NAME = "$(TARGET_NAME)";
				TARGETED_DEVICE_FAMILY = "1,2";
				TEST_TARGET_NAME = TestPerformanceMoniter;
			};
			name = Debug;
		};
		9479853823F3029500F427B5 /* Release */ = {
			isa = XCBuildConfiguration;
			buildSettings = {
				CODE_SIGN_STYLE = Automatic;
				INFOPLIST_FILE = TestPerformanceMoniterUITests/Info.plist;
				LD_RUNPATH_SEARCH_PATHS = (
					"$(inherited)",
					"@executable_path/Frameworks",
					"@loader_path/Frameworks",
				);
				PRODUCT_BUNDLE_IDENTIFIER = com.shanyuqin.TestPerformanceMoniterUITests;
				PRODUCT_NAME = "$(TARGET_NAME)";
				TARGETED_DEVICE_FAMILY = "1,2";
				TEST_TARGET_NAME = TestPerformanceMoniter;
			};
			name = Release;
		};
/* End XCBuildConfiguration section */

/* Begin XCConfigurationList section */
		947984FC23F3029300F427B5 /* Build configuration list for PBXProject "TestPerformanceMoniter" */ = {
			isa = XCConfigurationList;
			buildConfigurations = (
				9479852E23F3029500F427B5 /* Debug */,
				9479852F23F3029500F427B5 /* Release */,
			);
			defaultConfigurationIsVisible = 0;
			defaultConfigurationName = Release;
		};
		9479853023F3029500F427B5 /* Build configuration list for PBXNativeTarget "TestPerformanceMoniter" */ = {
			isa = XCConfigurationList;
			buildConfigurations = (
				9479853123F3029500F427B5 /* Debug */,
				9479853223F3029500F427B5 /* Release */,
			);
			defaultConfigurationIsVisible = 0;
			defaultConfigurationName = Release;
		};
		9479853323F3029500F427B5 /* Build configuration list for PBXNativeTarget "TestPerformanceMoniterTests" */ = {
			isa = XCConfigurationList;
			buildConfigurations = (
				9479853423F3029500F427B5 /* Debug */,
				9479853523F3029500F427B5 /* Release */,
			);
			defaultConfigurationIsVisible = 0;
			defaultConfigurationName = Release;
		};
		9479853623F3029500F427B5 /* Build configuration list for PBXNativeTarget "TestPerformanceMoniterUITests" */ = {
			isa = XCConfigurationList;
			buildConfigurations = (
				9479853723F3029500F427B5 /* Debug */,
				9479853823F3029500F427B5 /* Release */,
			);
			defaultConfigurationIsVisible = 0;
			defaultConfigurationName = Release;
		};
/* End XCConfigurationList section */
	};
	rootObject = 947984F923F3029300F427B5 /* Project object */;
}
